
Microsoft Visual Studio Solution File, Format Version 12.00
# Visual Studio Version 16
VisualStudioVersion = 16.0.29609.76
MinimumVisualStudioVersion = 10.0.40219.1
Project("{9A19103F-16F7-4668-BE54-9A1E7A4F7556}") = "SERP.Core.Entities", "SERP.Core.Entities\SERP.Core.Entities.csproj", "{CBB23EA0-3005-46E9-BB02-F93A63175193}"
EndProject
Project("{9A19103F-16F7-4668-BE54-9A1E7A4F7556}") = "SERP.Core.Model", "SERP.Core.Model\SERP.Core.Model.csproj", "{4403BCA4-C534-4A9A-B6EA-C4A3ABB7B519}"
EndProject
Project("{9A19103F-16F7-4668-BE54-9A1E7A4F7556}") = "SERP.Infrastructure.Repository", "SERP.Infrastructure.Repository\SERP.Infrastructure.Repository.csproj", "{C0DDEF93-8894-43B6-B374-77A24F19BFEB}"
EndProject
Project("{9A19103F-16F7-4668-BE54-9A1E7A4F7556}") = "SERP.Infrastructure.Implementation", "SERP.Infrastructure.Implementation\SERP.Infrastructure.Implementation.csproj", "{4540FD2A-89F8-4380-B9E9-41D13381D757}"
EndProject
Project("{9A19103F-16F7-4668-BE54-9A1E7A4F7556}") = "SERP.Utilities", "SERP.Utilities\SERP.Utilities.csproj", "{CCC320EE-2728-4571-84DC-EA2005A03593}"
EndProject
Project("{9A19103F-16F7-4668-BE54-9A1E7A4F7556}") = "SERP.UI", "SERP.UI\SERP.UI.csproj", "{76BE99D9-C2A6-446D-85AB-02F111D9BD64}"
EndProject
Project("{9A19103F-16F7-4668-BE54-9A1E7A4F7556}") = "SERP.API", "SERP.API\SERP.API.csproj", "{92DEA332-C77A-499B-8797-196E69D5B90B}"
EndProject
Project("{9A19103F-16F7-4668-BE54-9A1E7A4F7556}") = "UploadVideoYouTube", "UploadVideoYouTube\UploadVideoYouTube.csproj", "{CD9DBF27-8AED-4178-AB9E-1AD288AC27F9}"
EndProject
Project("{9A19103F-16F7-4668-BE54-9A1E7A4F7556}") = "SERP.UnitTest", "SERP.UnitTest\SERP.UnitTest.csproj", "{FCEC49CA-B5F3-4F78-BF7E-61824F108DF6}"
EndProject
Project("{FAE04EC0-301F-11D3-BF4B-00C04F79EFBC}") = "BarCodeGenerator", "BarCodeGenerator\BarCodeGenerator.csproj", "{393422E3-0C19-46B5-962B-00B1DD801538}"
EndProject
Global
	GlobalSection(SolutionConfigurationPlatforms) = preSolution
		Debug|Any CPU = Debug|Any CPU
		Release|Any CPU = Release|Any CPU
	EndGlobalSection
	GlobalSection(ProjectConfigurationPlatforms) = postSolution
		{CBB23EA0-3005-46E9-BB02-F93A63175193}.Debug|Any CPU.ActiveCfg = Debug|Any CPU
		{CBB23EA0-3005-46E9-BB02-F93A63175193}.Debug|Any CPU.Build.0 = Debug|Any CPU
		{CBB23EA0-3005-46E9-BB02-F93A63175193}.Release|Any CPU.ActiveCfg = Release|Any CPU
		{CBB23EA0-3005-46E9-BB02-F93A63175193}.Release|Any CPU.Build.0 = Release|Any CPU
		{4403BCA4-C534-4A9A-B6EA-C4A3ABB7B519}.Debug|Any CPU.ActiveCfg = Debug|Any CPU
		{4403BCA4-C534-4A9A-B6EA-C4A3ABB7B519}.Debug|Any CPU.Build.0 = Debug|Any CPU
		{4403BCA4-C534-4A9A-B6EA-C4A3ABB7B519}.Release|Any CPU.ActiveCfg = Release|Any CPU
		{4403BCA4-C534-4A9A-B6EA-C4A3ABB7B519}.Release|Any CPU.Build.0 = Release|Any CPU
		{C0DDEF93-8894-43B6-B374-77A24F19BFEB}.Debug|Any CPU.ActiveCfg = Debug|Any CPU
		{C0DDEF93-8894-43B6-B374-77A24F19BFEB}.Debug|Any CPU.Build.0 = Debug|Any CPU
		{C0DDEF93-8894-43B6-B374-77A24F19BFEB}.Release|Any CPU.ActiveCfg = Release|Any CPU
		{C0DDEF93-8894-43B6-B374-77A24F19BFEB}.Release|Any CPU.Build.0 = Release|Any CPU
		{4540FD2A-89F8-4380-B9E9-41D13381D757}.Debug|Any CPU.ActiveCfg = Debug|Any CPU
		{4540FD2A-89F8-4380-B9E9-41D13381D757}.Debug|Any CPU.Build.0 = Debug|Any CPU
		{4540FD2A-89F8-4380-B9E9-41D13381D757}.Release|Any CPU.ActiveCfg = Release|Any CPU
		{4540FD2A-89F8-4380-B9E9-41D13381D757}.Release|Any CPU.Build.0 = Release|Any CPU
		{CCC320EE-2728-4571-84DC-EA2005A03593}.Debug|Any CPU.ActiveCfg = Debug|Any CPU
		{CCC320EE-2728-4571-84DC-EA2005A03593}.Debug|Any CPU.Build.0 = Debug|Any CPU
		{CCC320EE-2728-4571-84DC-EA2005A03593}.Release|Any CPU.ActiveCfg = Release|Any CPU
		{CCC320EE-2728-4571-84DC-EA2005A03593}.Release|Any CPU.Build.0 = Release|Any CPU
		{76BE99D9-C2A6-446D-85AB-02F111D9BD64}.Debug|Any CPU.ActiveCfg = Debug|Any CPU
		{76BE99D9-C2A6-446D-85AB-02F111D9BD64}.Debug|Any CPU.Build.0 = Debug|Any CPU
		{76BE99D9-C2A6-446D-85AB-02F111D9BD64}.Release|Any CPU.ActiveCfg = Release|Any CPU
		{76BE99D9-C2A6-446D-85AB-02F111D9BD64}.Release|Any CPU.Build.0 = Release|Any CPU
		{92DEA332-C77A-499B-8797-196E69D5B90B}.Debug|Any CPU.ActiveCfg = Debug|Any CPU
		{92DEA332-C77A-499B-8797-196E69D5B90B}.Debug|Any CPU.Build.0 = Debug|Any CPU
		{92DEA332-C77A-499B-8797-196E69D5B90B}.Release|Any CPU.ActiveCfg = Release|Any CPU
		{92DEA332-C77A-499B-8797-196E69D5B90B}.Release|Any CPU.Build.0 = Release|Any CPU
		{CD9DBF27-8AED-4178-AB9E-1AD288AC27F9}.Debug|Any CPU.ActiveCfg = Debug|Any CPU
		{CD9DBF27-8AED-4178-AB9E-1AD288AC27F9}.Debug|Any CPU.Build.0 = Debug|Any CPU
		{CD9DBF27-8AED-4178-AB9E-1AD288AC27F9}.Release|Any CPU.ActiveCfg = Release|Any CPU
		{CD9DBF27-8AED-4178-AB9E-1AD288AC27F9}.Release|Any CPU.Build.0 = Release|Any CPU
		{FCEC49CA-B5F3-4F78-BF7E-61824F108DF6}.Debug|Any CPU.ActiveCfg = Debug|Any CPU
		{FCEC49CA-B5F3-4F78-BF7E-61824F108DF6}.Debug|Any CPU.Build.0 = Debug|Any CPU
		{FCEC49CA-B5F3-4F78-BF7E-61824F108DF6}.Release|Any CPU.ActiveCfg = Release|Any CPU
		{FCEC49CA-B5F3-4F78-BF7E-61824F108DF6}.Release|Any CPU.Build.0 = Release|Any CPU
		{393422E3-0C19-46B5-962B-00B1DD801538}.Debug|Any CPU.ActiveCfg = Debug|Any CPU
		{393422E3-0C19-46B5-962B-00B1DD801538}.Debug|Any CPU.Build.0 = Debug|Any CPU
		{393422E3-0C19-46B5-962B-00B1DD801538}.Release|Any CPU.ActiveCfg = Release|Any CPU
		{393422E3-0C19-46B5-962B-00B1DD801538}.Release|Any CPU.Build.0 = Release|Any CPU
	EndGlobalSection
	GlobalSection(SolutionProperties) = preSolution
		HideSolutionNode = FALSE
	EndGlobalSection
	GlobalSection(ExtensibilityGlobals) = postSolution
		SolutionGuid = {84DE9CBC-C7C0-4F1B-BFBE-20B64EF82728}
	EndGlobalSection
EndGlobal
